
Microsoft Visual Studio Solution File, Format Version 12.00
Project("{FAE04EC0-301F-11D3-BF4B-00C04F79EFBC}") = "Slot.Gateway", "src\Slot.Gateway\Slot.Gateway.csproj", "{514024DF-B334-4970-84B6-D23C7F8C3F3B}"
EndProject
Project("{2150E333-8FDC-42A3-9474-1A3956D46DE8}") = "tests", "tests", "{03789717-F0EA-44AB-92B6-A5F203C00F99}"
EndProject
Project("{FAE04EC0-301F-11D3-BF4B-00C04F79EFBC}") = "Slot.Gateway.Tests", "tests\Slot.Gateway.Tests\Slot.Gateway.Tests.csproj", "{C0A19BCC-E683-471A-AFF8-57726DE28F14}"
EndProject
Global
	GlobalSection(SolutionConfigurationPlatforms) = preSolution
		Debug|Any CPU = Debug|Any CPU
		Release|Any CPU = Release|Any CPU
	EndGlobalSection
	GlobalSection(ProjectConfigurationPlatforms) = postSolution
		{514024DF-B334-4970-84B6-D23C7F8C3F3B}.Debug|Any CPU.ActiveCfg = Debug|Any CPU
		{514024DF-B334-4970-84B6-D23C7F8C3F3B}.Debug|Any CPU.Build.0 = Debug|Any CPU
		{514024DF-B334-4970-84B6-D23C7F8C3F3B}.Release|Any CPU.ActiveCfg = Release|Any CPU
		{514024DF-B334-4970-84B6-D23C7F8C3F3B}.Release|Any CPU.Build.0 = Release|Any CPU
		{C0A19BCC-E683-471A-AFF8-57726DE28F14}.Debug|Any CPU.ActiveCfg = Debug|Any CPU
		{C0A19BCC-E683-471A-AFF8-57726DE28F14}.Debug|Any CPU.Build.0 = Debug|Any CPU
		{C0A19BCC-E683-471A-AFF8-57726DE28F14}.Release|Any CPU.ActiveCfg = Release|Any CPU
		{C0A19BCC-E683-471A-AFF8-57726DE28F14}.Release|Any CPU.Build.0 = Release|Any CPU
	EndGlobalSection
	GlobalSection(NestedProjects) = preSolution
		{C0A19BCC-E683-471A-AFF8-57726DE28F14} = {03789717-F0EA-44AB-92B6-A5F203C00F99}
	EndGlobalSection
EndGlobal
